{
  "originHash" : "d9c41a7e54925a8107bba2cdf793b7497396cff159cf418f1a77bfa8301c4bd7",
  "pins" : [
    {
      "identity" : "zoomablescrollview",
      "kind" : "remoteSourceControl",
      "location" : "https://github.com/gannonmg/ZoomableScrollView",
      "state" : {
        "revision" : "18e31f6fc9d6f781ee11b3a72ed658e30d0285a2",
        "version" : "1.0.6"
      }
    }
  ],
  "version" : 3
}
