{
  "originHash" : "d9c41a7e54925a8107bba2cdf793b7497396cff159cf418f1a77bfa8301c4bd7",
  "pins" : [
    {
      "identity" : "zoomablescrollview",
      "kind" : "remoteSourceControl",
      "location" : "https://github.com/gannonmg/ZoomableScrollView",
      "state" : {
        "revision" : "99ac3c367548cf7eb008281bb0487c2dd0cc61a1",
        "version" : "1.0.8"
      }
    }
  ],
  "version" : 3
}
